{
  "originHash" : "a58b653994deec428b5f35a95849f3dc634b90d051bbab937248471f9fc8a5b6",
  "pins" : [
    {
      "identity" : "wweventsource",
      "kind" : "remoteSourceControl",
      "location" : "https://github.com/William-Weng/WWEventSource",
      "state" : {
        "revision" : "20972ae24aeb644da1f4d1464149163e7e35b3fa",
        "version" : "1.3.0"
      }
    },
    {
      "identity" : "wwhud",
      "kind" : "remoteSourceControl",
      "location" : "https://github.com/William-Weng/WWHUD",
      "state" : {
        "revision" : "b8db2cdf70698c073842df293cfe0946ca0690d5",
        "version" : "1.3.3"
      }
    },
    {
      "identity" : "wwnetworking",
      "kind" : "remoteSourceControl",
      "location" : "https://github.com/William-Weng/WWNetworking.git",
      "state" : {
        "revision" : "9e41bb9f5ed6b19030389b77c0a73520844a20f5",
        "version" : "1.7.5"
      }
    },
    {
      "identity" : "wwprint",
      "kind" : "remoteSourceControl",
      "location" : "https://github.com/William-Weng/WWPrint",
      "state" : {
        "revision" : "8f5928f5d36624d77f8fc563fd8e31a59cfac6b6",
        "version" : "1.3.1"
      }
    },
    {
      "identity" : "wwregularexpression",
      "kind" : "remoteSourceControl",
      "location" : "https://github.com/William-Weng/WWRegularExpression",
      "state" : {
        "revision" : "5bc5c03259ed28b4c5c6899458fde6ac4d665794",
        "version" : "1.0.1"
      }
    },
    {
      "identity" : "wwsimpleai_ollama",
      "kind" : "remoteSourceControl",
      "location" : "https://github.com/William-Weng/WWSimpleAI_Ollama",
      "state" : {
        "revision" : "20b0080e062a66a06af28b17a376e89c71b69e7b",
        "version" : "1.0.3"
      }
    }
  ],
  "version" : 3
}
