{
  "originHash" : "cabbf6f53081ef2afa7982472eae6e544d2ea072537acd6119821e51ebf2c0db",
  "pins" : [
    {
      "identity" : "wweventsource",
      "kind" : "remoteSourceControl",
      "location" : "https://github.com/William-Weng/WWEventSource",
      "state" : {
        "revision" : "029562b9a32cd5a6899c3d343dbf5a3825c77981",
        "version" : "1.4.2"
      }
    },
    {
      "identity" : "wwhud",
      "kind" : "remoteSourceControl",
      "location" : "https://github.com/William-Weng/WWHUD",
      "state" : {
        "revision" : "8ffa449fd2192fdfd06622b77659edd65b4edd18",
        "version" : "1.6.0"
      }
    },
    {
      "identity" : "wwnetworking",
      "kind" : "remoteSourceControl",
      "location" : "https://github.com/William-Weng/WWNetworking.git",
      "state" : {
        "revision" : "2c7ce462a79c7c894dbb20dfa766b3eada9d2644",
        "version" : "1.9.0"
      }
    },
    {
      "identity" : "wwregularexpression",
      "kind" : "remoteSourceControl",
      "location" : "https://github.com/William-Weng/WWRegularExpression",
      "state" : {
        "revision" : "5bc5c03259ed28b4c5c6899458fde6ac4d665794",
        "version" : "1.0.1"
      }
    },
    {
      "identity" : "wwsimpleai_ollama",
      "kind" : "remoteSourceControl",
      "location" : "https://github.com/William-Weng/WWSimpleAI_Ollama",
      "state" : {
        "revision" : "518685c72e6fba7ae182466e3776ad564d24d068",
        "version" : "1.2.1"
      }
    },
    {
      "identity" : "wwsvgimageview",
      "kind" : "remoteSourceControl",
      "location" : "https://github.com/William-Weng/WWSVGImageView",
      "state" : {
        "revision" : "c3118da8460fb998d7436f9912e70cda9a796327",
        "version" : "1.0.2"
      }
    }
  ],
  "version" : 3
}
